
Microsoft Visual Studio Solution File, Format Version 12.00
# Visual Studio Version 16
VisualStudioVersion = 16.0.29613.14
MinimumVisualStudioVersion = 10.0.40219.1
Project("{FAE04EC0-301F-11D3-BF4B-00C04F79EFBC}") = "Multithreading_07", "Multithreading_07.csproj", "{0FD11B54-A707-42D1-88EA-E00532CE2B23}"
EndProject
Global
	GlobalSection(SolutionConfigurationPlatforms) = preSolution
		Debug|Any CPU = Debug|Any CPU
		Release|Any CPU = Release|Any CPU
	EndGlobalSection
	GlobalSection(ProjectConfigurationPlatforms) = postSolution
		{0FD11B54-A707-42D1-88EA-E00532CE2B23}.Debug|Any CPU.ActiveCfg = Debug|Any CPU
		{0FD11B54-A707-42D1-88EA-E00532CE2B23}.Debug|Any CPU.Build.0 = Debug|Any CPU
		{0FD11B54-A707-42D1-88EA-E00532CE2B23}.Release|Any CPU.ActiveCfg = Release|Any CPU
		{0FD11B54-A707-42D1-88EA-E00532CE2B23}.Release|Any CPU.Build.0 = Release|Any CPU
	EndGlobalSection
	GlobalSection(SolutionProperties) = preSolution
		HideSolutionNode = FALSE
	EndGlobalSection
	GlobalSection(ExtensibilityGlobals) = postSolution
		SolutionGuid = {9BA84B5A-AAEF-47E1-946A-012C29D2EE35}
	EndGlobalSection
EndGlobal
